
Microsoft Visual Studio Solution File, Format Version 12.00
# Visual Studio Version 17
VisualStudioVersion = 17.13.35828.75
MinimumVisualStudioVersion = 10.0.40219.1
Project("{FAE04EC0-301F-11D3-BF4B-00C04F79EFBC}") = "OnnxFaceDetection", "OnnxFaceDetection\OnnxFaceDetection.csproj", "{EE059E8D-97C0-41F1-997B-58138E05D837}"
EndProject
Project("{FAE04EC0-301F-11D3-BF4B-00C04F79EFBC}") = "ONNXFaceLib", "ONNXFaceLib\ONNXFaceLib.csproj", "{095C72D3-3B98-49CA-83C0-3F50E156F914}"
EndProject
Global
	GlobalSection(SolutionConfigurationPlatforms) = preSolution
		Debug|Any CPU = Debug|Any CPU
		Release|Any CPU = Release|Any CPU
	EndGlobalSection
	GlobalSection(ProjectConfigurationPlatforms) = postSolution
		{EE059E8D-97C0-41F1-997B-58138E05D837}.Debug|Any CPU.ActiveCfg = Debug|Any CPU
		{EE059E8D-97C0-41F1-997B-58138E05D837}.Debug|Any CPU.Build.0 = Debug|Any CPU
		{EE059E8D-97C0-41F1-997B-58138E05D837}.Release|Any CPU.ActiveCfg = Release|Any CPU
		{EE059E8D-97C0-41F1-997B-58138E05D837}.Release|Any CPU.Build.0 = Release|Any CPU
		{095C72D3-3B98-49CA-83C0-3F50E156F914}.Debug|Any CPU.ActiveCfg = Debug|Any CPU
		{095C72D3-3B98-49CA-83C0-3F50E156F914}.Debug|Any CPU.Build.0 = Debug|Any CPU
		{095C72D3-3B98-49CA-83C0-3F50E156F914}.Release|Any CPU.ActiveCfg = Release|Any CPU
		{095C72D3-3B98-49CA-83C0-3F50E156F914}.Release|Any CPU.Build.0 = Release|Any CPU
	EndGlobalSection
	GlobalSection(SolutionProperties) = preSolution
		HideSolutionNode = FALSE
	EndGlobalSection
	GlobalSection(ExtensibilityGlobals) = postSolution
		SolutionGuid = {D19BE102-A4B6-4277-AC35-0D72BE66EBA3}
	EndGlobalSection
EndGlobal
